Microsoft Visual Studio Solution File, Format Version 12.00
# Visual Studio Version 17
VisualStudioVersion = 17.5.2.0
MinimumVisualStudioVersion = 10.0.40219.1
Project("{FAE04EC0-301F-11D3-BF4B-00C04F79EFBC}") = "ThAmCoFrontEnd", "ThAmCoFrontEnd.csproj", "{D3A133AA-BAC5-8BA2-E8FD-4F66439EB0CD}"
EndProject
Global
	GlobalSection(SolutionConfigurationPlatforms) = preSolution
		Debug|Any CPU = Debug|Any CPU
		Release|Any CPU = Release|Any CPU
	EndGlobalSection
	GlobalSection(ProjectConfigurationPlatforms) = postSolution
		{D3A133AA-BAC5-8BA2-E8FD-4F66439EB0CD}.Debug|Any CPU.ActiveCfg = Debug|Any CPU
		{D3A133AA-BAC5-8BA2-E8FD-4F66439EB0CD}.Debug|Any CPU.Build.0 = Debug|Any CPU
		{D3A133AA-BAC5-8BA2-E8FD-4F66439EB0CD}.Release|Any CPU.ActiveCfg = Release|Any CPU
		{D3A133AA-BAC5-8BA2-E8FD-4F66439EB0CD}.Release|Any CPU.Build.0 = Release|Any CPU
	EndGlobalSection
	GlobalSection(SolutionProperties) = preSolution
		HideSolutionNode = FALSE
	EndGlobalSection
	GlobalSection(ExtensibilityGlobals) = postSolution
		SolutionGuid = {1A8AC554-E1EA-42E0-B3C1-E5F8D0043C86}
	EndGlobalSection
EndGlobal
